
Microsoft Visual Studio Solution File, Format Version 12.00
# Visual Studio Version 16
VisualStudioVersion = 16.0.28531.58
MinimumVisualStudioVersion = 10.0.40219.1
Project("{9A19103F-16F7-4668-BE54-9A1E7A4F7556}") = "TypingBook", "TypingBook\TypingBook.csproj", "{2F12F59D-7667-48DA-A4FE-06848CAEFC53}"
EndProject
Global
	GlobalSection(SolutionConfigurationPlatforms) = preSolution
		Debug|Any CPU = Debug|Any CPU
		Release|Any CPU = Release|Any CPU
	EndGlobalSection
	GlobalSection(ProjectConfigurationPlatforms) = postSolution
		{2F12F59D-7667-48DA-A4FE-06848CAEFC53}.Debug|Any CPU.ActiveCfg = Debug|Any CPU
		{2F12F59D-7667-48DA-A4FE-06848CAEFC53}.Debug|Any CPU.Build.0 = Debug|Any CPU
		{2F12F59D-7667-48DA-A4FE-06848CAEFC53}.Release|Any CPU.ActiveCfg = Release|Any CPU
		{2F12F59D-7667-48DA-A4FE-06848CAEFC53}.Release|Any CPU.Build.0 = Release|Any CPU
	EndGlobalSection
	GlobalSection(SolutionProperties) = preSolution
		HideSolutionNode = FALSE
	EndGlobalSection
	GlobalSection(ExtensibilityGlobals) = postSolution
		SolutionGuid = {ADE3E375-D577-449A-9D6E-DEAF4E42415E}
	EndGlobalSection
EndGlobal
